{
  "version": 1,
  "dependencies": {
    "net9.0-windows10.0.26100": {
      "DependencyPropertyGenerator": {
        "type": "Direct",
        "requested": "[1.5.0, )",
        "resolved": "1.5.0",
        "contentHash": "y9XF3i+U6nnzuVvmwBw7zW+1ztOXT8lMu084Ir4nNeLGVd1308qR2nCR6Yl06FXfjYMKU3+bknZ/otqkz6VEUQ=="
      },
      "DotNet.ReproducibleBuilds": {
        "type": "Direct",
        "requested": "[1.2.25, )",
        "resolved": "1.2.25",
        "contentHash": "xCXiw7BCxHJ8pF6wPepRUddlh2dlQlbr81gXA72hdk4FLHkKXas7EH/n+fk5UCA/YfMqG1Z6XaPiUjDbUNBUzg=="
      },
      "EventGenerator.Generator": {
        "type": "Direct",
        "requested": "[0.13.1, )",
        "resolved": "0.13.1",
        "contentHash": "MIHd93AVQB+iHOPGex+yP6QLys6eKG+QFablE8rbamv5Njm6DfSkJWivUQGDVBqBnKUF0x2oyUZcJZ/w77cLoA=="
      },
      "Microsoft.Extensions.Logging.Abstractions": {
        "type": "Direct",
        "requested": "[9.0.5, )",
        "resolved": "9.0.5",
        "contentHash": "pP1PADCrIxMYJXxFmTVbAgEU7GVpjK5i0/tyfU9DiE0oXQy3JWQaOVgCkrCiePLgS8b5sghM3Fau3EeHiVWbCg==",
        "dependencies": {
          "Microsoft.Extensions.DependencyInjection.Abstractions": "9.0.5"
        }
      },
      "Microsoft.NET.ILLink.Tasks": {
        "type": "Direct",
        "requested": "[9.0.3, )",
        "resolved": "9.0.3",
        "contentHash": "1rqGTfubVg0qj2PsK6esyq3PIxtYJYrN3LsYUV9RrvH3anmt3fT3ozYdAZZH4U8JU/pt5pPIUk8NBSu26wtekA=="
      },
      "Microsoft.WindowsAppSDK": {
        "type": "Direct",
        "requested": "[1.8.250515001-experimental2, )",
        "resolved": "1.8.250515001-experimental2",
        "contentHash": "S2Eu7Gn889hatfHfMdPoWULJ88/3oxuzSOAEZd1zgp2i3YbL1MxBeOd3YQyZHqOMjdJN/MSUziDjmMcEsze8Pg==",
        "dependencies": {
          "Microsoft.WindowsAppSDK.AI": "[1.8.135-experimental]",
          "Microsoft.WindowsAppSDK.Base": "[1.8.250509001-experimental]",
          "Microsoft.WindowsAppSDK.DWrite": "[1.8.25050910-experimental.2]",
          "Microsoft.WindowsAppSDK.Foundation": "[1.8.250507001-experimental]",
          "Microsoft.WindowsAppSDK.InteractiveExperiences": "[1.8.250509002-experimental]",
          "Microsoft.WindowsAppSDK.Packages": "[1.8.250515001-experimental2]",
          "Microsoft.WindowsAppSDK.Widgets": "[1.8.250505003-experimental]",
          "Microsoft.WindowsAppSDK.WinUI": "[1.8.250507002-experimental]"
        }
      },
      "MinVer": {
        "type": "Direct",
        "requested": "[6.1.0-beta.1, )",
        "resolved": "6.1.0-beta.1",
        "contentHash": "7G+74w2V7Cd9wy6JmUuRsDY/lskO9smQNlp9rF6BJr70RTQb6odJ3n6Oau23/eBuvQjI6vy4bVbQPZvDFey01g=="
      },
      "PolySharp": {
        "type": "Direct",
        "requested": "[1.15.0, )",
        "resolved": "1.15.0",
        "contentHash": "FbU0El+EEjdpuIX4iDbeS7ki1uzpJPx8vbqOzEtqnl1GZeAGJfq+jCbxeJL2y0EPnUNk8dRnnqR2xnYXg9Tf+g=="
      },
      "Microsoft.Extensions.DependencyInjection.Abstractions": {
        "type": "Transitive",
        "resolved": "9.0.5",
        "contentHash": "cjnRtsEAzU73aN6W7vkWy8Phj5t3Xm78HSqgrbh/O4Q9SK/yN73wZVa21QQY6amSLQRQ/M8N+koGnY6PuvKQsw=="
      },
      "Microsoft.Web.WebView2": {
        "type": "Transitive",
        "resolved": "1.0.3179.45",
        "contentHash": "3pokSH5CnN0G6rGhGFo1y87inxYhNxBQ2Vdf0wlvBj99KHxQJormjDACmqRnFeUsmuNFIhWwfAL1ztq7wD5qRA=="
      },
      "Microsoft.Win32.SystemEvents": {
        "type": "Transitive",
        "resolved": "9.0.5",
        "contentHash": "D4OYNpmvAsF9MkaY2W8Jue2XuNHDhygvwzo019hs+lP85KaVnOlXmqsjDKr1dHb1DPxDnOKpe6mAgJN7S6ttwg=="
      },
      "Microsoft.Windows.SDK.BuildTools": {
        "type": "Transitive",
        "resolved": "10.0.22621.3233",
        "contentHash": "v67zwCb9JOpfPxdSroZukIKHruU6FUB+KwcmSPcVvUFyYtcyvcUign5y8jPQNi54CVzWvaTg646e62LbanUkxg=="
      },
      "Microsoft.Windows.SDK.BuildTools.MSIX": {
        "type": "Transitive",
        "resolved": "1.7.20250508.1",
        "contentHash": "omgDNQElO0w0wY20I7XLGHISyn7Z4quh9Pc+Gp9XkRHJgiks7ARDhq4Vu+DK32bDoCBrFe1CLK4ovete4QiuVw=="
      },
      "Microsoft.WindowsAppSDK.AI": {
        "type": "Transitive",
        "resolved": "1.8.135-experimental",
        "contentHash": "era1Dvr3kfOqdwRuS4hzHp/29WqUCDI5FXNoLbVj8utTWlek0kMld2RvmhFLS/WEe7BKtj+ie/n5Zk/jRm/O6g==",
        "dependencies": {
          "Microsoft.WindowsAppSDK.Base": "1.8.250501001-experimental",
          "Microsoft.WindowsAppSDK.Foundation": "1.8.250504002-experimental"
        }
      },
      "Microsoft.WindowsAppSDK.Base": {
        "type": "Transitive",
        "resolved": "1.8.250509001-experimental",
        "contentHash": "kw60pLocD7M09t5bOxcx6juKdk2e5xdSO5cGCaedcNgD+e1h92vUFT9WU1xCzc0sXIt2x1FL426T606PjoXXUQ==",
        "dependencies": {
          "Microsoft.Windows.SDK.BuildTools": "10.0.22621.3233",
          "Microsoft.Windows.SDK.BuildTools.MSIX": "1.7.20250508.1"
        }
      },
      "Microsoft.WindowsAppSDK.DWrite": {
        "type": "Transitive",
        "resolved": "1.8.25050910-experimental.2",
        "contentHash": "Rl2jkdsNhgNmwJa+1SYoO+tG9x/4O/eGHK+Q7HJFxjVo3uICcVVa0rG+/bPdDiS2Hb5yr4zq7l4miVs+IBd6/w==",
        "dependencies": {
          "Microsoft.WindowsAppSDK.Base": "1.8.250501001-experimental"
        }
      },
      "Microsoft.WindowsAppSDK.Foundation": {
        "type": "Transitive",
        "resolved": "1.8.250507001-experimental",
        "contentHash": "VfpfQKD3H0/aka91cTNyzjjlSVBGQ2BSv+ZER/TUuHLKmksz13eq8u5KYeVdyjUY4xF0okPtQLm8gGFBBTPz3w==",
        "dependencies": {
          "Microsoft.WindowsAppSDK.Base": "1.8.250501001-experimental",
          "Microsoft.WindowsAppSDK.InteractiveExperiences": "1.8.250506001-experimental"
        }
      },
      "Microsoft.WindowsAppSDK.InteractiveExperiences": {
        "type": "Transitive",
        "resolved": "1.8.250509002-experimental",
        "contentHash": "DWUf6sCB/wmqgrpgX49pG43W/XqYHNEr1yE6aKE964hSO8HnB7HRElJUUCBhzEmjZLaESqJf2Il7Tf9OfGHX2A==",
        "dependencies": {
          "Microsoft.WindowsAppSDK.Base": "1.8.250501001-experimental"
        }
      },
      "Microsoft.WindowsAppSDK.Packages": {
        "type": "Transitive",
        "resolved": "1.8.250515001-experimental2",
        "contentHash": "cS1BxcFDjpLp1KA7NVVDMte3cErMa19Oi0EWzo1C6XjijL614H+KPbuZ3A8b1zHfZh9awRcyQd/uHSFOH1zVAQ==",
        "dependencies": {
          "Microsoft.WindowsAppSDK.Base": "1.8.250509001-experimental"
        }
      },
      "Microsoft.WindowsAppSDK.Widgets": {
        "type": "Transitive",
        "resolved": "1.8.250505003-experimental",
        "contentHash": "2JcNMyu3o/DcjAP6xbRNkzsEPBXju+rhsjp9xuUP1o6/24rl4AU1hPVNN6gjbUbvPeickkDQOPtYgtkmbc9oZQ==",
        "dependencies": {
          "Microsoft.WindowsAppSDK.Base": "1.8.250501001-experimental"
        }
      },
      "Microsoft.WindowsAppSDK.WinUI": {
        "type": "Transitive",
        "resolved": "1.8.250507002-experimental",
        "contentHash": "E8s3bj3ECUOR/a6KoTgjf73TE5GboJDY8JHITNUfODa7uZuQPFFM7IJABE4yYGpECSX8cG9TWTLXhuYCKZ9Y0g==",
        "dependencies": {
          "Microsoft.Web.WebView2": "1.0.3179.45",
          "Microsoft.WindowsAppSDK.Base": "1.8.250501001-experimental",
          "Microsoft.WindowsAppSDK.Foundation": "1.8.250507001-experimental",
          "Microsoft.WindowsAppSDK.InteractiveExperiences": "1.8.250506001-experimental"
        }
      },
      "System.Drawing.Common": {
        "type": "Transitive",
        "resolved": "9.0.5",
        "contentHash": "T/6nqx0B7/uTe5JjBwrKZilLuwfhHLOVmNKlT/wr4A9Dna94mgTdz3lTfrdJ72QRx7IHCv/LzoJPmFSfK/N6WA==",
        "dependencies": {
          "Microsoft.Win32.SystemEvents": "9.0.5"
        }
      },
      "h.generatedicons.system.drawing": {
        "type": "Project",
        "dependencies": {
          "System.Drawing.Common": "[9.0.5, )"
        }
      },
      "h.notifyicon": {
        "type": "Project",
        "dependencies": {
          "H.GeneratedIcons.System.Drawing": "[1.0.0, )",
          "Microsoft.Extensions.Logging.Abstractions": "[9.0.5, )"
        }
      }
    },
    "net9.0-windows10.0.26100/win-x64": {
      "Microsoft.Web.WebView2": {
        "type": "Transitive",
        "resolved": "1.0.3179.45",
        "contentHash": "3pokSH5CnN0G6rGhGFo1y87inxYhNxBQ2Vdf0wlvBj99KHxQJormjDACmqRnFeUsmuNFIhWwfAL1ztq7wD5qRA=="
      },
      "Microsoft.Win32.SystemEvents": {
        "type": "Transitive",
        "resolved": "9.0.5",
        "contentHash": "D4OYNpmvAsF9MkaY2W8Jue2XuNHDhygvwzo019hs+lP85KaVnOlXmqsjDKr1dHb1DPxDnOKpe6mAgJN7S6ttwg=="
      },
      "Microsoft.WindowsAppSDK.Foundation": {
        "type": "Transitive",
        "resolved": "1.8.250507001-experimental",
        "contentHash": "VfpfQKD3H0/aka91cTNyzjjlSVBGQ2BSv+ZER/TUuHLKmksz13eq8u5KYeVdyjUY4xF0okPtQLm8gGFBBTPz3w==",
        "dependencies": {
          "Microsoft.WindowsAppSDK.Base": "1.8.250501001-experimental",
          "Microsoft.WindowsAppSDK.InteractiveExperiences": "1.8.250506001-experimental"
        }
      }
    }
  }
}