{
  "version": 1,
  "dependencies": {
    "net9.0": {
      "DotNet.ReproducibleBuilds": {
        "type": "Direct",
        "requested": "[1.2.25, )",
        "resolved": "1.2.25",
        "contentHash": "xCXiw7BCxHJ8pF6wPepRUddlh2dlQlbr81gXA72hdk4FLHkKXas7EH/n+fk5UCA/YfMqG1Z6XaPiUjDbUNBUzg=="
      },
      "EventGenerator.Generator": {
        "type": "Direct",
        "requested": "[0.13.1, )",
        "resolved": "0.13.1",
        "contentHash": "MIHd93AVQB+iHOPGex+yP6QLys6eKG+QFablE8rbamv5Njm6DfSkJWivUQGDVBqBnKUF0x2oyUZcJZ/w77cLoA=="
      },
      "Microsoft.Extensions.Logging.Abstractions": {
        "type": "Direct",
        "requested": "[9.0.6, )",
        "resolved": "9.0.6",
        "contentHash": "LFnyBNK7WtFmKdnHu3v0HOYQ8BcjYuy0jdC9pgCJ/rbLKoJEG9/dBzSKMEeeWDbDeoWS0TIxOC8a9CM5ufca3A==",
        "dependencies": {
          "Microsoft.Extensions.DependencyInjection.Abstractions": "9.0.6"
        }
      },
      "Microsoft.NET.ILLink.Tasks": {
        "type": "Direct",
        "requested": "[9.0.6, )",
        "resolved": "9.0.6",
        "contentHash": "TXy3SbJzGXQbxxIxCjdrp8bwEyTDImyYNpTpd6v7P3JL2Y7dno8EYG7dPezfYTa5SoWKdhbH9cbnwHHs3BR5gA=="
      },
      "Microsoft.Windows.CsWin32": {
        "type": "Direct",
        "requested": "[0.3.183, )",
        "resolved": "0.3.183",
        "contentHash": "Ze3aE2y7xgzKxEWtNb4SH0CExXpCHr3sbmwnvMiWMzJhWDX/G4Rs5wgg2UNs3VN+qVHh/DkDWLCPaVQv/b//Nw==",
        "dependencies": {
          "Microsoft.Windows.SDK.Win32Docs": "0.1.42-alpha",
          "Microsoft.Windows.SDK.Win32Metadata": "61.0.15-preview",
          "Microsoft.Windows.WDK.Win32Metadata": "0.12.8-experimental"
        }
      },
      "Microsoft.Windows.SDK.Win32Metadata": {
        "type": "Direct",
        "requested": "[63.0.31-preview, )",
        "resolved": "63.0.31-preview",
        "contentHash": "ImR/LEJIcTiQuwYognFXPED1+zRjlb4WYX5mC3E8d0Q09Zey+MMqfMDxNlX1vBbcP3dy/Fp0Lbav25FsXZwyYQ=="
      },
      "Microsoft.Windows.WDK.Win32Metadata": {
        "type": "Direct",
        "requested": "[0.13.25-experimental, )",
        "resolved": "0.13.25-experimental",
        "contentHash": "IM50tb/+UIwBr9FMr6ZKcZjCMW+Axo6NjGqKxgjUfyCY8dRnYUfrJEXxAaXoWtYP4X8EmASmC1Jtwh4XucseZg==",
        "dependencies": {
          "Microsoft.Windows.SDK.Win32Metadata": "63.0.31-preview"
        }
      },
      "MinVer": {
        "type": "Direct",
        "requested": "[6.1.0-beta.1, )",
        "resolved": "6.1.0-beta.1",
        "contentHash": "7G+74w2V7Cd9wy6JmUuRsDY/lskO9smQNlp9rF6BJr70RTQb6odJ3n6Oau23/eBuvQjI6vy4bVbQPZvDFey01g=="
      },
      "PolySharp": {
        "type": "Direct",
        "requested": "[1.15.0, )",
        "resolved": "1.15.0",
        "contentHash": "FbU0El+EEjdpuIX4iDbeS7ki1uzpJPx8vbqOzEtqnl1GZeAGJfq+jCbxeJL2y0EPnUNk8dRnnqR2xnYXg9Tf+g=="
      },
      "Microsoft.Extensions.DependencyInjection.Abstractions": {
        "type": "Transitive",
        "resolved": "9.0.6",
        "contentHash": "0Zn6nR/6g+90MxskZyOOMPQvnPnrrGu6bytPwkV+azDcTtCSuQ1+GJUrg8Klmnrjk1i6zMpw2lXijl+tw7Q3kA=="
      },
      "Microsoft.Win32.SystemEvents": {
        "type": "Transitive",
        "resolved": "9.0.6",
        "contentHash": "mUa3Chovao0xQ74j2hUN5kDTn3luY/1e9usJYT0r51cgqfQsgQu5C8Cis9h65SNRbkbBwErfXKlBtHCkMiYa/g=="
      },
      "Microsoft.Windows.SDK.Win32Docs": {
        "type": "Transitive",
        "resolved": "0.1.42-alpha",
        "contentHash": "Z/9po23gUA9aoukirh2ItMU2ZS9++Js9Gdds9fu5yuMojDrmArvY2y+tq9985tR3cxFxpZO1O35Wjfo0khj5HA=="
      },
      "System.Drawing.Common": {
        "type": "Transitive",
        "resolved": "9.0.6",
        "contentHash": "KpPB6e7PYCalslhmq/dVa2tJgCcfUDhEK83j1Eix+BmEcNPP00JJBvFrBT7jGcHLmQzsIA4AthwNFkk+cD3RKA==",
        "dependencies": {
          "Microsoft.Win32.SystemEvents": "9.0.6"
        }
      },
      "h.generatedicons.system.drawing": {
        "type": "Project",
        "dependencies": {
          "System.Drawing.Common": "[9.0.6, )"
        }
      }
    }
  }
}